Microsoft Visual Studio Solution File, Format Version 12.00
# Visual Studio 2012
Project("{CD81F9F5-5969-C822-377F-076017BB3484}") = "Cards", "Assembly-CSharp.csproj", "{8E445B81-B8AE-8E4C-45B0-4F237C9A10A1}"
EndProject
Project("{CD81F9F5-5969-C822-377F-076017BB3484}") = "Cards", "Assembly-CSharp-Editor-firstpass.csproj", "{20DBE090-2276-BB7C-C698-B9A425BB55FB}"
EndProject
Global
	GlobalSection(SolutionConfigurationPlatforms) = preSolution
		Debug|Any CPU = Debug|Any CPU
		Release|Any CPU = Release|Any CPU
	EndGlobalSection
	GlobalSection(ProjectConfigurationPlatforms) = postSolution
		{8E445B81-B8AE-8E4C-45B0-4F237C9A10A1}.Debug|Any CPU.ActiveCfg = Debug|Any CPU
		{8E445B81-B8AE-8E4C-45B0-4F237C9A10A1}.Debug|Any CPU.Build.0 = Debug|Any CPU
		{8E445B81-B8AE-8E4C-45B0-4F237C9A10A1}.Release|Any CPU.ActiveCfg = Release|Any CPU
		{8E445B81-B8AE-8E4C-45B0-4F237C9A10A1}.Release|Any CPU.Build.0 = Release|Any CPU
		{20DBE090-2276-BB7C-C698-B9A425BB55FB}.Debug|Any CPU.ActiveCfg = Debug|Any CPU
		{20DBE090-2276-BB7C-C698-B9A425BB55FB}.Debug|Any CPU.Build.0 = Debug|Any CPU
		{20DBE090-2276-BB7C-C698-B9A425BB55FB}.Release|Any CPU.ActiveCfg = Release|Any CPU
		{20DBE090-2276-BB7C-C698-B9A425BB55FB}.Release|Any CPU.Build.0 = Release|Any CPU
	EndGlobalSection
	GlobalSection(MonoDevelopProperties) = preSolution
		StartupItem = Assembly-CSharp.csproj
	EndGlobalSection
EndGlobal
